
Microsoft Visual Studio Solution File, Format Version 12.00
# Visual Studio Version 17
VisualStudioVersion = 17.10.35013.160
MinimumVisualStudioVersion = 10.0.40219.1
Project("{FAE04EC0-301F-11D3-BF4B-00C04F79EFBC}") = "PS3Portal", "PS3Portal\PS3Portal.csproj", "{911A43A3-F7C2-4D61-885B-5188C17EDA93}"
EndProject
Global
	GlobalSection(SolutionConfigurationPlatforms) = preSolution
		Debug|Any CPU = Debug|Any CPU
		Release|Any CPU = Release|Any CPU
	EndGlobalSection
	GlobalSection(ProjectConfigurationPlatforms) = postSolution
		{911A43A3-F7C2-4D61-885B-5188C17EDA93}.Debug|Any CPU.ActiveCfg = Debug|Any CPU
		{911A43A3-F7C2-4D61-885B-5188C17EDA93}.Debug|Any CPU.Build.0 = Debug|Any CPU
		{911A43A3-F7C2-4D61-885B-5188C17EDA93}.Release|Any CPU.ActiveCfg = Release|Any CPU
		{911A43A3-F7C2-4D61-885B-5188C17EDA93}.Release|Any CPU.Build.0 = Release|Any CPU
	EndGlobalSection
	GlobalSection(SolutionProperties) = preSolution
		HideSolutionNode = FALSE
	EndGlobalSection
	GlobalSection(ExtensibilityGlobals) = postSolution
		SolutionGuid = {58EBCB7D-0949-4C4F-AF12-78C4B52DB2B8}
	EndGlobalSection
EndGlobal
